
Microsoft Visual Studio Solution File, Format Version 12.00
# Visual Studio 2012
Project("{FAE04EC0-301F-11D3-BF4B-00C04F79EFBC}") = "UPnP_Device", "UPnP_Device\UPnP_Device.csproj", "{5C01DC6E-62F3-46AB-8634-971363261B01}"
EndProject
Project("{FAE04EC0-301F-11D3-BF4B-00C04F79EFBC}") = "UPnPConfigFactory", "UPnPConfigFactory\UPnPConfigFactory.csproj", "{D9E4093F-DCF7-4F55-A10F-E993BE646772}"
EndProject
Project("{FAE04EC0-301F-11D3-BF4B-00C04F79EFBC}") = "Main", "Main\Main.csproj", "{C06FBA13-4C40-4380-B39E-ABCE39BEC083}"
EndProject
Global
	GlobalSection(SolutionConfigurationPlatforms) = preSolution
		Debug|Any CPU = Debug|Any CPU
		Release|Any CPU = Release|Any CPU
	EndGlobalSection
	GlobalSection(ProjectConfigurationPlatforms) = postSolution
		{5C01DC6E-62F3-46AB-8634-971363261B01}.Debug|Any CPU.ActiveCfg = Debug|Any CPU
		{5C01DC6E-62F3-46AB-8634-971363261B01}.Debug|Any CPU.Build.0 = Debug|Any CPU
		{5C01DC6E-62F3-46AB-8634-971363261B01}.Release|Any CPU.ActiveCfg = Release|Any CPU
		{5C01DC6E-62F3-46AB-8634-971363261B01}.Release|Any CPU.Build.0 = Release|Any CPU
		{D9E4093F-DCF7-4F55-A10F-E993BE646772}.Debug|Any CPU.ActiveCfg = Debug|Any CPU
		{D9E4093F-DCF7-4F55-A10F-E993BE646772}.Debug|Any CPU.Build.0 = Debug|Any CPU
		{D9E4093F-DCF7-4F55-A10F-E993BE646772}.Release|Any CPU.ActiveCfg = Release|Any CPU
		{D9E4093F-DCF7-4F55-A10F-E993BE646772}.Release|Any CPU.Build.0 = Release|Any CPU
		{C06FBA13-4C40-4380-B39E-ABCE39BEC083}.Debug|Any CPU.ActiveCfg = Debug|Any CPU
		{C06FBA13-4C40-4380-B39E-ABCE39BEC083}.Debug|Any CPU.Build.0 = Debug|Any CPU
		{C06FBA13-4C40-4380-B39E-ABCE39BEC083}.Release|Any CPU.ActiveCfg = Release|Any CPU
		{C06FBA13-4C40-4380-B39E-ABCE39BEC083}.Release|Any CPU.Build.0 = Release|Any CPU
	EndGlobalSection
	GlobalSection(SolutionProperties) = preSolution
		HideSolutionNode = FALSE
	EndGlobalSection
EndGlobal
