
Microsoft Visual Studio Solution File, Format Version 12.00
# Visual Studio 2012
Project("{FAE04EC0-301F-11D3-BF4B-00C04F79EFBC}") = "MPlayer", "MPlayer\MPlayer.csproj", "{E3E64998-D167-4784-AB1F-53F77AA57250}"
EndProject
Project("{FAE04EC0-301F-11D3-BF4B-00C04F79EFBC}") = "HiPi_Pi.Tests", "HiPi_Pi.Tests\HiPi_Pi.Tests.csproj", "{B1EE84FE-F863-476C-8CCC-FAE0011AAD6E}"
EndProject
Project("{FAE04EC0-301F-11D3-BF4B-00C04F79EFBC}") = "PlaybackCtrl", "PlaybackCtrl\PlaybackCtrl.csproj", "{87B9575A-B472-4B75-8078-96BCE428B386}"
EndProject
Project("{FAE04EC0-301F-11D3-BF4B-00C04F79EFBC}") = "UPnP_Device", "UPnP_Device\UPnP_Device.csproj", "{5C01DC6E-62F3-46AB-8634-971363261B01}"
EndProject
Project("{FAE04EC0-301F-11D3-BF4B-00C04F79EFBC}") = "UPnPConfigFactory", "UPnPConfigFactory\UPnPConfigFactory.csproj", "{D9E4093F-DCF7-4F55-A10F-E993BE646772}"
EndProject
Project("{FAE04EC0-301F-11D3-BF4B-00C04F79EFBC}") = "Main", "Main\Main.csproj", "{FE7876FE-8368-4526-872A-0C1BCE96FE27}"
EndProject
Project("{FAE04EC0-301F-11D3-BF4B-00C04F79EFBC}") = "DatabaseLookupMain", "DatabaseLookupMain\DatabaseLookupMain.csproj", "{712DD00D-EFD8-4C23-9CFC-77A4DC9BFDEA}"
EndProject
Project("{FAE04EC0-301F-11D3-BF4B-00C04F79EFBC}") = "Containers", "Containers\Containers.csproj", "{50FDC392-2CA9-4114-9789-2C1B2AAAF766}"
EndProject
Project("{FAE04EC0-301F-11D3-BF4B-00C04F79EFBC}") = "XMLWriterMain", "XMLWriterMain\XMLWriterMain.csproj", "{1DE9988A-2C45-44CE-90A1-F7399985990A}"
EndProject
Project("{FAE04EC0-301F-11D3-BF4B-00C04F79EFBC}") = "DBHandling", "DBHandling\DBHandling.csproj", "{8B17FF89-8315-4AF5-8F49-76A51812E3C3}"
EndProject
Global
	GlobalSection(SolutionConfigurationPlatforms) = preSolution
		Debug|Any CPU = Debug|Any CPU
		Debug|x64 = Debug|x64
		Release|Any CPU = Release|Any CPU
		Release|x64 = Release|x64
	EndGlobalSection
	GlobalSection(ProjectConfigurationPlatforms) = postSolution
		{E3E64998-D167-4784-AB1F-53F77AA57250}.Debug|Any CPU.ActiveCfg = Debug|Any CPU
		{E3E64998-D167-4784-AB1F-53F77AA57250}.Debug|Any CPU.Build.0 = Debug|Any CPU
		{E3E64998-D167-4784-AB1F-53F77AA57250}.Debug|x64.ActiveCfg = Debug|Any CPU
		{E3E64998-D167-4784-AB1F-53F77AA57250}.Release|Any CPU.ActiveCfg = Release|Any CPU
		{E3E64998-D167-4784-AB1F-53F77AA57250}.Release|Any CPU.Build.0 = Release|Any CPU
		{E3E64998-D167-4784-AB1F-53F77AA57250}.Release|x64.ActiveCfg = Release|Any CPU
		{B1EE84FE-F863-476C-8CCC-FAE0011AAD6E}.Debug|Any CPU.ActiveCfg = Debug|Any CPU
		{B1EE84FE-F863-476C-8CCC-FAE0011AAD6E}.Debug|Any CPU.Build.0 = Debug|Any CPU
		{B1EE84FE-F863-476C-8CCC-FAE0011AAD6E}.Debug|x64.ActiveCfg = Debug|Any CPU
		{B1EE84FE-F863-476C-8CCC-FAE0011AAD6E}.Release|Any CPU.ActiveCfg = Release|Any CPU
		{B1EE84FE-F863-476C-8CCC-FAE0011AAD6E}.Release|Any CPU.Build.0 = Release|Any CPU
		{B1EE84FE-F863-476C-8CCC-FAE0011AAD6E}.Release|x64.ActiveCfg = Release|Any CPU
		{87B9575A-B472-4B75-8078-96BCE428B386}.Debug|Any CPU.ActiveCfg = Debug|Any CPU
		{87B9575A-B472-4B75-8078-96BCE428B386}.Debug|Any CPU.Build.0 = Debug|Any CPU
		{87B9575A-B472-4B75-8078-96BCE428B386}.Debug|x64.ActiveCfg = Debug|Any CPU
		{87B9575A-B472-4B75-8078-96BCE428B386}.Release|Any CPU.ActiveCfg = Release|Any CPU
		{87B9575A-B472-4B75-8078-96BCE428B386}.Release|Any CPU.Build.0 = Release|Any CPU
		{87B9575A-B472-4B75-8078-96BCE428B386}.Release|x64.ActiveCfg = Release|Any CPU
		{5C01DC6E-62F3-46AB-8634-971363261B01}.Debug|Any CPU.ActiveCfg = Debug|Any CPU
		{5C01DC6E-62F3-46AB-8634-971363261B01}.Debug|Any CPU.Build.0 = Debug|Any CPU
		{5C01DC6E-62F3-46AB-8634-971363261B01}.Debug|x64.ActiveCfg = Debug|Any CPU
		{5C01DC6E-62F3-46AB-8634-971363261B01}.Release|Any CPU.ActiveCfg = Release|Any CPU
		{5C01DC6E-62F3-46AB-8634-971363261B01}.Release|Any CPU.Build.0 = Release|Any CPU
		{5C01DC6E-62F3-46AB-8634-971363261B01}.Release|x64.ActiveCfg = Release|Any CPU
		{D9E4093F-DCF7-4F55-A10F-E993BE646772}.Debug|Any CPU.ActiveCfg = Debug|Any CPU
		{D9E4093F-DCF7-4F55-A10F-E993BE646772}.Debug|Any CPU.Build.0 = Debug|Any CPU
		{D9E4093F-DCF7-4F55-A10F-E993BE646772}.Debug|x64.ActiveCfg = Debug|Any CPU
		{D9E4093F-DCF7-4F55-A10F-E993BE646772}.Release|Any CPU.ActiveCfg = Release|Any CPU
		{D9E4093F-DCF7-4F55-A10F-E993BE646772}.Release|Any CPU.Build.0 = Release|Any CPU
		{D9E4093F-DCF7-4F55-A10F-E993BE646772}.Release|x64.ActiveCfg = Release|Any CPU
		{FE7876FE-8368-4526-872A-0C1BCE96FE27}.Debug|Any CPU.ActiveCfg = Debug|Any CPU
		{FE7876FE-8368-4526-872A-0C1BCE96FE27}.Debug|Any CPU.Build.0 = Debug|Any CPU
		{FE7876FE-8368-4526-872A-0C1BCE96FE27}.Debug|x64.ActiveCfg = Debug|Any CPU
		{FE7876FE-8368-4526-872A-0C1BCE96FE27}.Release|Any CPU.ActiveCfg = Release|Any CPU
		{FE7876FE-8368-4526-872A-0C1BCE96FE27}.Release|Any CPU.Build.0 = Release|Any CPU
		{FE7876FE-8368-4526-872A-0C1BCE96FE27}.Release|x64.ActiveCfg = Release|Any CPU
		{712DD00D-EFD8-4C23-9CFC-77A4DC9BFDEA}.Debug|Any CPU.ActiveCfg = Debug|Any CPU
		{712DD00D-EFD8-4C23-9CFC-77A4DC9BFDEA}.Debug|Any CPU.Build.0 = Debug|Any CPU
		{712DD00D-EFD8-4C23-9CFC-77A4DC9BFDEA}.Debug|x64.ActiveCfg = Debug|Any CPU
		{712DD00D-EFD8-4C23-9CFC-77A4DC9BFDEA}.Release|Any CPU.ActiveCfg = Release|Any CPU
		{712DD00D-EFD8-4C23-9CFC-77A4DC9BFDEA}.Release|Any CPU.Build.0 = Release|Any CPU
		{712DD00D-EFD8-4C23-9CFC-77A4DC9BFDEA}.Release|x64.ActiveCfg = Release|Any CPU
		{50FDC392-2CA9-4114-9789-2C1B2AAAF766}.Debug|Any CPU.ActiveCfg = Debug|Any CPU
		{50FDC392-2CA9-4114-9789-2C1B2AAAF766}.Debug|Any CPU.Build.0 = Debug|Any CPU
		{50FDC392-2CA9-4114-9789-2C1B2AAAF766}.Debug|x64.ActiveCfg = Debug|Any CPU
		{50FDC392-2CA9-4114-9789-2C1B2AAAF766}.Release|Any CPU.ActiveCfg = Release|Any CPU
		{50FDC392-2CA9-4114-9789-2C1B2AAAF766}.Release|Any CPU.Build.0 = Release|Any CPU
		{50FDC392-2CA9-4114-9789-2C1B2AAAF766}.Release|x64.ActiveCfg = Release|Any CPU
		{1DE9988A-2C45-44CE-90A1-F7399985990A}.Debug|Any CPU.ActiveCfg = Debug|Any CPU
		{1DE9988A-2C45-44CE-90A1-F7399985990A}.Debug|Any CPU.Build.0 = Debug|Any CPU
		{1DE9988A-2C45-44CE-90A1-F7399985990A}.Debug|x64.ActiveCfg = Debug|Any CPU
		{1DE9988A-2C45-44CE-90A1-F7399985990A}.Release|Any CPU.ActiveCfg = Release|Any CPU
		{1DE9988A-2C45-44CE-90A1-F7399985990A}.Release|Any CPU.Build.0 = Release|Any CPU
		{1DE9988A-2C45-44CE-90A1-F7399985990A}.Release|x64.ActiveCfg = Release|Any CPU
		{8B17FF89-8315-4AF5-8F49-76A51812E3C3}.Debug|Any CPU.ActiveCfg = Debug|Any CPU
		{8B17FF89-8315-4AF5-8F49-76A51812E3C3}.Debug|Any CPU.Build.0 = Debug|Any CPU
		{8B17FF89-8315-4AF5-8F49-76A51812E3C3}.Debug|x64.ActiveCfg = Debug|Any CPU
		{8B17FF89-8315-4AF5-8F49-76A51812E3C3}.Release|Any CPU.ActiveCfg = Release|Any CPU
		{8B17FF89-8315-4AF5-8F49-76A51812E3C3}.Release|Any CPU.Build.0 = Release|Any CPU
		{8B17FF89-8315-4AF5-8F49-76A51812E3C3}.Release|x64.ActiveCfg = Release|Any CPU
	EndGlobalSection
	GlobalSection(SolutionProperties) = preSolution
		HideSolutionNode = FALSE
	EndGlobalSection
EndGlobal
